
Microsoft Visual Studio Solution File, Format Version 12.00
# Visual Studio Version 17
VisualStudioVersion = 17.13.35806.99 d17.13
MinimumVisualStudioVersion = 10.0.40219.1
Project("{FAE04EC0-301F-11D3-BF4B-00C04F79EFBC}") = "ConsoleApp1", "ConsoleApp1.csproj", "{AAACF10B-5F15-49C0-8C0B-49DEE8DA3D25}"
EndProject
Global
	GlobalSection(SolutionConfigurationPlatforms) = preSolution
		Debug|Any CPU = Debug|Any CPU
		Release|Any CPU = Release|Any CPU
	EndGlobalSection
	GlobalSection(ProjectConfigurationPlatforms) = postSolution
		{AAACF10B-5F15-49C0-8C0B-49DEE8DA3D25}.Debug|Any CPU.ActiveCfg = Debug|Any CPU
		{AAACF10B-5F15-49C0-8C0B-49DEE8DA3D25}.Debug|Any CPU.Build.0 = Debug|Any CPU
		{AAACF10B-5F15-49C0-8C0B-49DEE8DA3D25}.Release|Any CPU.ActiveCfg = Release|Any CPU
		{AAACF10B-5F15-49C0-8C0B-49DEE8DA3D25}.Release|Any CPU.Build.0 = Release|Any CPU
	EndGlobalSection
	GlobalSection(SolutionProperties) = preSolution
		HideSolutionNode = FALSE
	EndGlobalSection
	GlobalSection(ExtensibilityGlobals) = postSolution
		SolutionGuid = {13D57F11-8870-4B5D-A5D5-1B2BDE55E450}
	EndGlobalSection
EndGlobal
